// !$*UTF8*$!
{
	archiveVersion = 1;
	classes = {
	};
	objectVersion = 56;
	objects = {

/* Begin PBXBuildFile section */
		036AA30029BADB6400BF21D8 /* PizzaDataModel.xcdatamodeld in Sources */ = {isa = PBXBuildFile; fileRef = 036AA2FE29BADB6400BF21D8 /* PizzaDataModel.xcdatamodeld */; };
		036AA30229BADCDF00BF21D8 /* PizzaViewModel.swift in Sources */ = {isa = PBXBuildFile; fileRef = 036AA30129BADCDF00BF21D8 /* PizzaViewModel.swift */; };
		036AA30429BB094600BF21D8 /* SinglePizzaView.swift in Sources */ = {isa = PBXBuildFile; fileRef = 036AA30329BB094600BF21D8 /* SinglePizzaView.swift */; };
		0381B2C429AF22EB009740B5 /* PizzaAppApp.swift in Sources */ = {isa = PBXBuildFile; fileRef = 0381B2C329AF22EB009740B5 /* PizzaAppApp.swift */; };
		0381B2C629AF22EB009740B5 /* ContentView.swift in Sources */ = {isa = PBXBuildFile; fileRef = 0381B2C529AF22EB009740B5 /* ContentView.swift */; };
		0381B2C829AF22ED009740B5 /* Assets.xcassets in Resources */ = {isa = PBXBuildFile; fileRef = 0381B2C729AF22ED009740B5 /* Assets.xcassets */; };
		0381B2CB29AF22ED009740B5 /* Preview Assets.xcassets in Resources */ = {isa = PBXBuildFile; fileRef = 0381B2CA29AF22ED009740B5 /* Preview Assets.xcassets */; };
		0381B2D229AF281B009740B5 /* PizzaList.swift in Sources */ = {isa = PBXBuildFile; fileRef = 0381B2D129AF281B009740B5 /* PizzaList.swift */; };
		0381B2D529AF2836009740B5 /* FavouritesView.swift in Sources */ = {isa = PBXBuildFile; fileRef = 0381B2D429AF2836009740B5 /* FavouritesView.swift */; };
		0381B2D729AF2A5E009740B5 /* AddPizza.swift in Sources */ = {isa = PBXBuildFile; fileRef = 0381B2D629AF2A5E009740B5 /* AddPizza.swift */; };
/* End PBXBuildFile section */

/* Begin PBXFileReference section */
		036AA2FF29BADB6400BF21D8 /* PizzaDataModel.xcdatamodel */ = {isa = PBXFileReference; lastKnownFileType = wrapper.xcdatamodel; path = PizzaDataModel.xcdatamodel; sourceTree = "<group>"; };
		036AA30129BADCDF00BF21D8 /* PizzaViewModel.swift */ = {isa = PBXFileReference; lastKnownFileType = sourcecode.swift; path = PizzaViewModel.swift; sourceTree = "<group>"; };
		036AA30329BB094600BF21D8 /* SinglePizzaView.swift */ = {isa = PBXFileReference; lastKnownFileType = sourcecode.swift; path = SinglePizzaView.swift; sourceTree = "<group>"; };
		0381B2C029AF22EB009740B5 /* PizzaApp.app */ = {isa = PBXFileReference; explicitFileType = wrapper.application; includeInIndex = 0; path = PizzaApp.app; sourceTree = BUILT_PRODUCTS_DIR; };
		0381B2C329AF22EB009740B5 /* PizzaAppApp.swift */ = {isa = PBXFileReference; lastKnownFileType = sourcecode.swift; path = PizzaAppApp.swift; sourceTree = "<group>"; };
		0381B2C529AF22EB009740B5 /* ContentView.swift */ = {isa = PBXFileReference; lastKnownFileType = sourcecode.swift; path = ContentView.swift; sourceTree = "<group>"; };
		0381B2C729AF22ED009740B5 /* Assets.xcassets */ = {isa = PBXFileReference; lastKnownFileType = folder.assetcatalog; path = Assets.xcassets; sourceTree = "<group>"; };
		0381B2CA29AF22ED009740B5 /* Preview Assets.xcassets */ = {isa = PBXFileReference; lastKnownFileType = folder.assetcatalog; path = "Preview Assets.xcassets"; sourceTree = "<group>"; };
		0381B2D129AF281B009740B5 /* PizzaList.swift */ = {isa = PBXFileReference; lastKnownFileType = sourcecode.swift; path = PizzaList.swift; sourceTree = "<group>"; };
		0381B2D429AF2836009740B5 /* FavouritesView.swift */ = {isa = PBXFileReference; lastKnownFileType = sourcecode.swift; path = FavouritesView.swift; sourceTree = "<group>"; };
		0381B2D629AF2A5E009740B5 /* AddPizza.swift */ = {isa = PBXFileReference; lastKnownFileType = sourcecode.swift; path = AddPizza.swift; sourceTree = "<group>"; };
/* End PBXFileReference section */

/* Begin PBXFrameworksBuildPhase section */
		0381B2BD29AF22EB009740B5 /* Frameworks */ = {
			isa = PBXFrameworksBuildPhase;
			buildActionMask = 2147483647;
			files = (
			);
			runOnlyForDeploymentPostprocessing = 0;
		};
/* End PBXFrameworksBuildPhase section */

/* Begin PBXGroup section */
		0381B2B729AF22EB009740B5 = {
			isa = PBXGroup;
			children = (
				0381B2C229AF22EB009740B5 /* PizzaApp */,
				0381B2C129AF22EB009740B5 /* Products */,
			);
			sourceTree = "<group>";
		};
		0381B2C129AF22EB009740B5 /* Products */ = {
			isa = PBXGroup;
			children = (
				0381B2C029AF22EB009740B5 /* PizzaApp.app */,
			);
			name = Products;
			sourceTree = "<group>";
		};
		0381B2C229AF22EB009740B5 /* PizzaApp */ = {
			isa = PBXGroup;
			children = (
				0381B2C329AF22EB009740B5 /* PizzaAppApp.swift */,
				0381B2C529AF22EB009740B5 /* ContentView.swift */,
				0381B2C729AF22ED009740B5 /* Assets.xcassets */,
				0381B2C929AF22ED009740B5 /* Preview Content */,
				0381B2D129AF281B009740B5 /* PizzaList.swift */,
				0381B2D429AF2836009740B5 /* FavouritesView.swift */,
				0381B2D629AF2A5E009740B5 /* AddPizza.swift */,
				036AA2FE29BADB6400BF21D8 /* PizzaDataModel.xcdatamodeld */,
				036AA30129BADCDF00BF21D8 /* PizzaViewModel.swift */,
				036AA30329BB094600BF21D8 /* SinglePizzaView.swift */,
			);
			path = PizzaApp;
			sourceTree = "<group>";
		};
		0381B2C929AF22ED009740B5 /* Preview Content */ = {
			isa = PBXGroup;
			children = (
				0381B2CA29AF22ED009740B5 /* Preview Assets.xcassets */,
			);
			path = "Preview Content";
			sourceTree = "<group>";
		};
/* End PBXGroup section */

/* Begin PBXNativeTarget section */
		0381B2BF29AF22EB009740B5 /* PizzaApp */ = {
			isa = PBXNativeTarget;
			buildConfigurationList = 0381B2CE29AF22ED009740B5 /* Build configuration list for PBXNativeTarget "PizzaApp" */;
			buildPhases = (
				0381B2BC29AF22EB009740B5 /* Sources */,
				0381B2BD29AF22EB009740B5 /* Frameworks */,
				0381B2BE29AF22EB009740B5 /* Resources */,
			);
			buildRules = (
			);
			dependencies = (
			);
			name = PizzaApp;
			productName = PizzaApp;
			productReference = 0381B2C029AF22EB009740B5 /* PizzaApp.app */;
			productType = "com.apple.product-type.application";
		};
/* End PBXNativeTarget section */

/* Begin PBXProject section */
		0381B2B829AF22EB009740B5 /* Project object */ = {
			isa = PBXProject;
			attributes = {
				BuildIndependentTargetsInParallel = 1;
				LastSwiftUpdateCheck = 1420;
				LastUpgradeCheck = 1420;
				TargetAttributes = {
					0381B2BF29AF22EB009740B5 = {
						CreatedOnToolsVersion = 14.2;
					};
				};
			};
			buildConfigurationList = 0381B2BB29AF22EB009740B5 /* Build configuration list for PBXProject "PizzaApp" */;
			compatibilityVersion = "Xcode 14.0";
			developmentRegion = en;
			hasScannedForEncodings = 0;
			knownRegions = (
				en,
				Base,
			);
			mainGroup = 0381B2B729AF22EB009740B5;
			productRefGroup = 0381B2C129AF22EB009740B5 /* Products */;
			projectDirPath = "";
			projectRoot = "";
			targets = (
				0381B2BF29AF22EB009740B5 /* PizzaApp */,
			);
		};
/* End PBXProject section */

/* Begin PBXResourcesBuildPhase section */
		0381B2BE29AF22EB009740B5 /* Resources */ = {
			isa = PBXResourcesBuildPhase;
			buildActionMask = 2147483647;
			files = (
				0381B2CB29AF22ED009740B5 /* Preview Assets.xcassets in Resources */,
				0381B2C829AF22ED009740B5 /* Assets.xcassets in Resources */,
			);
			runOnlyForDeploymentPostprocessing = 0;
		};
/* End PBXResourcesBuildPhase section */

/* Begin PBXSourcesBuildPhase section */
		0381B2BC29AF22EB009740B5 /* Sources */ = {
			isa = PBXSourcesBuildPhase;
			buildActionMask = 2147483647;
			files = (
				0381B2D729AF2A5E009740B5 /* AddPizza.swift in Sources */,
				0381B2D229AF281B009740B5 /* PizzaList.swift in Sources */,
				0381B2C629AF22EB009740B5 /* ContentView.swift in Sources */,
				036AA30429BB094600BF21D8 /* SinglePizzaView.swift in Sources */,
				036AA30229BADCDF00BF21D8 /* PizzaViewModel.swift in Sources */,
				0381B2D529AF2836009740B5 /* FavouritesView.swift in Sources */,
				036AA30029BADB6400BF21D8 /* PizzaDataModel.xcdatamodeld in Sources */,
				0381B2C429AF22EB009740B5 /* PizzaAppApp.swift in Sources */,
			);
			runOnlyForDeploymentPostprocessing = 0;
		};
/* End PBXSourcesBuildPhase section */

/* Begin XCBuildConfiguration section */
		0381B2CC29AF22ED009740B5 /* Debug */ = {
			isa = XCBuildConfiguration;
			buildSettings = {
				ALWAYS_SEARCH_USER_PATHS = NO;
				CLANG_ANALYZER_NONNULL = YES;
				CLANG_ANALYZER_NUMBER_OBJECT_CONVERSION = YES_AGGRESSIVE;
				CLANG_CXX_LANGUAGE_STANDARD = "gnu++20";
				CLANG_ENABLE_MODULES = YES;
				CLANG_ENABLE_OBJC_ARC = YES;
				CLANG_ENABLE_OBJC_WEAK = YES;
				CLANG_WARN_BLOCK_CAPTURE_AUTORELEASING = YES;
				CLANG_WARN_BOOL_CONVERSION = YES;
				CLANG_WARN_COMMA = YES;
				CLANG_WARN_CONSTANT_CONVERSION = YES;
				CLANG_WARN_DEPRECATED_OBJC_IMPLEMENTATIONS = YES;
				CLANG_WARN_DIRECT_OBJC_ISA_USAGE = YES_ERROR;
				CLANG_WARN_DOCUMENTATION_COMMENTS = YES;
				CLANG_WARN_EMPTY_BODY = YES;
				CLANG_WARN_ENUM_CONVERSION = YES;
				CLANG_WARN_INFINITE_RECURSION = YES;
				CLANG_WARN_INT_CONVERSION = YES;
				CLANG_WARN_NON_LITERAL_NULL_CONVERSION = YES;
				CLANG_WARN_OBJC_IMPLICIT_RETAIN_SELF = YES;
				CLANG_WARN_OBJC_LITERAL_CONVERSION = YES;
				CLANG_WARN_OBJC_ROOT_CLASS = YES_ERROR;
				CLANG_WARN_QUOTED_INCLUDE_IN_FRAMEWORK_HEADER = YES;
				CLANG_WARN_RANGE_LOOP_ANALYSIS = YES;
				CLANG_WARN_STRICT_PROTOTYPES = YES;
				CLANG_WARN_SUSPICIOUS_MOVE = YES;
				CLANG_WARN_UNGUARDED_AVAILABILITY = YES_AGGRESSIVE;
				CLANG_WARN_UNREACHABLE_CODE = YES;
				CLANG_WARN__DUPLICATE_METHOD_MATCH = YES;
				COPY_PHASE_STRIP = NO;
				DEBUG_INFORMATION_FORMAT = dwarf;
				ENABLE_STRICT_OBJC_MSGSEND = YES;
				ENABLE_TESTABILITY = YES;
				GCC_C_LANGUAGE_STANDARD = gnu11;
				GCC_DYNAMIC_NO_PIC = NO;
				GCC_NO_COMMON_BLOCKS = YES;
				GCC_OPTIMIZATION_LEVEL = 0;
				GCC_PREPROCESSOR_DEFINITIONS = (
					"DEBUG=1",
					"$(inherited)",
				);
				GCC_WARN_64_TO_32_BIT_CONVERSION = YES;
				GCC_WARN_ABOUT_RETURN_TYPE = YES_ERROR;
				GCC_WARN_UNDECLARED_SELECTOR = YES;
				GCC_WARN_UNINITIALIZED_AUTOS = YES_AGGRESSIVE;
				GCC_WARN_UNUSED_FUNCTION = YES;
				GCC_WARN_UNUSED_VARIABLE = YES;
				IPHONEOS_DEPLOYMENT_TARGET = 16.2;
				MTL_ENABLE_DEBUG_INFO = INCLUDE_SOURCE;
				MTL_FAST_MATH = YES;
				ONLY_ACTIVE_ARCH = YES;
				SDKROOT = iphoneos;
				SWIFT_ACTIVE_COMPILATION_CONDITIONS = DEBUG;
				SWIFT_OPTIMIZATION_LEVEL = "-Onone";
			};
			name = Debug;
		};
		0381B2CD29AF22ED009740B5 /* Release */ = {
			isa = XCBuildConfiguration;
			buildSettings = {
				ALWAYS_SEARCH_USER_PATHS = NO;
				CLANG_ANALYZER_NONNULL = YES;
				CLANG_ANALYZER_NUMBER_OBJECT_CONVERSION = YES_AGGRESSIVE;
				CLANG_CXX_LANGUAGE_STANDARD = "gnu++20";
				CLANG_ENABLE_MODULES = YES;
				CLANG_ENABLE_OBJC_ARC = YES;
				CLANG_ENABLE_OBJC_WEAK = YES;
				CLANG_WARN_BLOCK_CAPTURE_AUTORELEASING = YES;
				CLANG_WARN_BOOL_CONVERSION = YES;
				CLANG_WARN_COMMA = YES;
				CLANG_WARN_CONSTANT_CONVERSION = YES;
				CLANG_WARN_DEPRECATED_OBJC_IMPLEMENTATIONS = YES;
				CLANG_WARN_DIRECT_OBJC_ISA_USAGE = YES_ERROR;
				CLANG_WARN_DOCUMENTATION_COMMENTS = YES;
				CLANG_WARN_EMPTY_BODY = YES;
				CLANG_WARN_ENUM_CONVERSION = YES;
				CLANG_WARN_INFINITE_RECURSION = YES;
				CLANG_WARN_INT_CONVERSION = YES;
				CLANG_WARN_NON_LITERAL_NULL_CONVERSION = YES;
				CLANG_WARN_OBJC_IMPLICIT_RETAIN_SELF = YES;
				CLANG_WARN_OBJC_LITERAL_CONVERSION = YES;
				CLANG_WARN_OBJC_ROOT_CLASS = YES_ERROR;
				CLANG_WARN_QUOTED_INCLUDE_IN_FRAMEWORK_HEADER = YES;
				CLANG_WARN_RANGE_LOOP_ANALYSIS = YES;
				CLANG_WARN_STRICT_PROTOTYPES = YES;
				CLANG_WARN_SUSPICIOUS_MOVE = YES;
				CLANG_WARN_UNGUARDED_AVAILABILITY = YES_AGGRESSIVE;
				CLANG_WARN_UNREACHABLE_CODE = YES;
				CLANG_WARN__DUPLICATE_METHOD_MATCH = YES;
				COPY_PHASE_STRIP = NO;
				DEBUG_INFORMATION_FORMAT = "dwarf-with-dsym";
				ENABLE_NS_ASSERTIONS = NO;
				ENABLE_STRICT_OBJC_MSGSEND = YES;
				GCC_C_LANGUAGE_STANDARD = gnu11;
				GCC_NO_COMMON_BLOCKS = YES;
				GCC_WARN_64_TO_32_BIT_CONVERSION = YES;
				GCC_WARN_ABOUT_RETURN_TYPE = YES_ERROR;
				GCC_WARN_UNDECLARED_SELECTOR = YES;
				GCC_WARN_UNINITIALIZED_AUTOS = YES_AGGRESSIVE;
				GCC_WARN_UNUSED_FUNCTION = YES;
				GCC_WARN_UNUSED_VARIABLE = YES;
				IPHONEOS_DEPLOYMENT_TARGET = 16.2;
				MTL_ENABLE_DEBUG_INFO = NO;
				MTL_FAST_MATH = YES;
				SDKROOT = iphoneos;
				SWIFT_COMPILATION_MODE = wholemodule;
				SWIFT_OPTIMIZATION_LEVEL = "-O";
				VALIDATE_PRODUCT = YES;
			};
			name = Release;
		};
		0381B2CF29AF22ED009740B5 /* Debug */ = {
			isa = XCBuildConfiguration;
			buildSettings = {
				ASSETCATALOG_COMPILER_APPICON_NAME = AppIcon;
				ASSETCATALOG_COMPILER_GLOBAL_ACCENT_COLOR_NAME = AccentColor;
				CODE_SIGN_STYLE = Automatic;
				CURRENT_PROJECT_VERSION = 1;
				DEVELOPMENT_ASSET_PATHS = "\"PizzaApp/Preview Content\"";
				DEVELOPMENT_TEAM = VY87U2X3KJ;
				ENABLE_PREVIEWS = YES;
				GENERATE_INFOPLIST_FILE = YES;
				INFOPLIST_KEY_UIApplicationSceneManifest_Generation = YES;
				INFOPLIST_KEY_UIApplicationSupportsIndirectInputEvents = YES;
				INFOPLIST_KEY_UILaunchScreen_Generation = YES;
				INFOPLIST_KEY_UISupportedInterfaceOrientations_iPad = "UIInterfaceOrientationPortrait UIInterfaceOrientationPortraitUpsideDown UIInterfaceOrientationLandscapeLeft UIInterfaceOrientationLandscapeRight";
				INFOPLIST_KEY_UISupportedInterfaceOrientations_iPhone = "UIInterfaceOrientationPortrait UIInterfaceOrientationLandscapeLeft UIInterfaceOrientationLandscapeRight";
				LD_RUNPATH_SEARCH_PATHS = (
					"$(inherited)",
					"@executable_path/Frameworks",
				);
				MARKETING_VERSION = 1.0;
				PRODUCT_BUNDLE_IDENTIFIER = com.arachchinuvin.PizzaApp;
				PRODUCT_NAME = "$(TARGET_NAME)";
				SWIFT_EMIT_LOC_STRINGS = YES;
				SWIFT_VERSION = 5.0;
				TARGETED_DEVICE_FAMILY = "1,2";
			};
			name = Debug;
		};
		0381B2D029AF22ED009740B5 /* Release */ = {
			isa = XCBuildConfiguration;
			buildSettings = {
				ASSETCATALOG_COMPILER_APPICON_NAME = AppIcon;
				ASSETCATALOG_COMPILER_GLOBAL_ACCENT_COLOR_NAME = AccentColor;
				CODE_SIGN_STYLE = Automatic;
				CURRENT_PROJECT_VERSION = 1;
				DEVELOPMENT_ASSET_PATHS = "\"PizzaApp/Preview Content\"";
				DEVELOPMENT_TEAM = VY87U2X3KJ;
				ENABLE_PREVIEWS = YES;
				GENERATE_INFOPLIST_FILE = YES;
				INFOPLIST_KEY_UIApplicationSceneManifest_Generation = YES;
				INFOPLIST_KEY_UIApplicationSupportsIndirectInputEvents = YES;
				INFOPLIST_KEY_UILaunchScreen_Generation = YES;
				INFOPLIST_KEY_UISupportedInterfaceOrientations_iPad = "UIInterfaceOrientationPortrait UIInterfaceOrientationPortraitUpsideDown UIInterfaceOrientationLandscapeLeft UIInterfaceOrientationLandscapeRight";
				INFOPLIST_KEY_UISupportedInterfaceOrientations_iPhone = "UIInterfaceOrientationPortrait UIInterfaceOrientationLandscapeLeft UIInterfaceOrientationLandscapeRight";
				LD_RUNPATH_SEARCH_PATHS = (
					"$(inherited)",
					"@executable_path/Frameworks",
				);
				MARKETING_VERSION = 1.0;
				PRODUCT_BUNDLE_IDENTIFIER = com.arachchinuvin.PizzaApp;
				PRODUCT_NAME = "$(TARGET_NAME)";
				SWIFT_EMIT_LOC_STRINGS = YES;
				SWIFT_VERSION = 5.0;
				TARGETED_DEVICE_FAMILY = "1,2";
			};
			name = Release;
		};
/* End XCBuildConfiguration section */

/* Begin XCConfigurationList section */
		0381B2BB29AF22EB009740B5 /* Build configuration list for PBXProject "PizzaApp" */ = {
			isa = XCConfigurationList;
			buildConfigurations = (
				0381B2CC29AF22ED009740B5 /* Debug */,
				0381B2CD29AF22ED009740B5 /* Release */,
			);
			defaultConfigurationIsVisible = 0;
			defaultConfigurationName = Release;
		};
		0381B2CE29AF22ED009740B5 /* Build configuration list for PBXNativeTarget "PizzaApp" */ = {
			isa = XCConfigurationList;
			buildConfigurations = (
				0381B2CF29AF22ED009740B5 /* Debug */,
				0381B2D029AF22ED009740B5 /* Release */,
			);
			defaultConfigurationIsVisible = 0;
			defaultConfigurationName = Release;
		};
/* End XCConfigurationList section */

/* Begin XCVersionGroup section */
		036AA2FE29BADB6400BF21D8 /* PizzaDataModel.xcdatamodeld */ = {
			isa = XCVersionGroup;
			children = (
				036AA2FF29BADB6400BF21D8 /* PizzaDataModel.xcdatamodel */,
			);
			currentVersion = 036AA2FF29BADB6400BF21D8 /* PizzaDataModel.xcdatamodel */;
			path = PizzaDataModel.xcdatamodeld;
			sourceTree = "<group>";
			versionGroupType = wrapper.xcdatamodel;
		};
/* End XCVersionGroup section */
	};
	rootObject = 0381B2B829AF22EB009740B5 /* Project object */;
}
